PODS:
  - agent_dart (0.0.1):
    - FlutterMacOS
  - agent_dart_auth (0.0.1):
    - FlutterMacOS
  - flutter_web_auth (0.3.1):
    - FlutterMacOS
  - FlutterMacOS (1.0.0)

DEPENDENCIES:
  - agent_dart (from `Flutter/ephemeral/.symlinks/plugins/agent_dart/macos`)
  - agent_dart_auth (from `Flutter/ephemeral/.symlinks/plugins/agent_dart_auth/macos`)
  - flutter_web_auth (from `Flutter/ephemeral/.symlinks/plugins/flutter_web_auth/macos`)
  - FlutterMacOS (from `Flutter/ephemeral`)

EXTERNAL SOURCES:
  agent_dart:
    :path: Flutter/ephemeral/.symlinks/plugins/agent_dart/macos
  agent_dart_auth:
    :path: Flutter/ephemeral/.symlinks/plugins/agent_dart_auth/macos
  flutter_web_auth:
    :path: Flutter/ephemeral/.symlinks/plugins/flutter_web_auth/macos
  FlutterMacOS:
    :path: Flutter/ephemeral

SPEC CHECKSUMS:
  agent_dart: bc1e2332674efbbf626746efa6a0b0169fbdab2b
  agent_dart_auth: 50a71b664e08797c0c247d7844f5190b94dc7d1e
  flutter_web_auth: 1d40e4d0058da11c04a279ca27632bd448865f57
  FlutterMacOS: 57701585bf7de1b3fc2bb61f6378d73bbdea8424

PODFILE CHECKSUM: 6eac6b3292e5142cfc23bdeb71848a40ec51c14c

COCOAPODS: 1.10.0.rc.1
